// !$*UTF8*$!
{
	archiveVersion = 1;
	classes = {
	};
	objectVersion = 46;
	objects = {

/* Begin PBXBuildFile section */
		96AA94151B7FE4D400EA5BB2 /* AppDelegate.swift in Sources */ = {isa = PBXBuildFile; fileRef = 96AA94141B7FE4D400EA5BB2 /* AppDelegate.swift */; };
		96AA94171B7FE4D400EA5BB2 /* ViewController.swift in Sources */ = {isa = PBXBuildFile; fileRef = 96AA94161B7FE4D400EA5BB2 /* ViewController.swift */; };
		96AA941A1B7FE4D400EA5BB2 /* Main.storyboard in Resources */ = {isa = PBXBuildFile; fileRef = 96AA94181B7FE4D400EA5BB2 /* Main.storyboard */; };
		96AA941C1B7FE4D400EA5BB2 /* Images.xcassets in Resources */ = {isa = PBXBuildFile; fileRef = 96AA941B1B7FE4D400EA5BB2 /* Images.xcassets */; };
		96AA941F1B7FE4D400EA5BB2 /* LaunchScreen.xib in Resources */ = {isa = PBXBuildFile; fileRef = 96AA941D1B7FE4D400EA5BB2 /* LaunchScreen.xib */; };
		96AA942B1B7FE4D500EA5BB2 /* RecordTests.swift in Sources */ = {isa = PBXBuildFile; fileRef = 96AA942A1B7FE4D400EA5BB2 /* RecordTests.swift */; };
/* End PBXBuildFile section */

/* Begin PBXContainerItemProxy section */
		96AA94251B7FE4D400EA5BB2 /* PBXContainerItemProxy */ = {
			isa = PBXContainerItemProxy;
			containerPortal = 96AA94071B7FE4D400EA5BB2 /* Project object */;
			proxyType = 1;
			remoteGlobalIDString = 96AA940E1B7FE4D400EA5BB2;
			remoteInfo = Record;
		};
/* End PBXContainerItemProxy section */

/* Begin PBXFileReference section */
		96AA940F1B7FE4D400EA5BB2 /* Record.app */ = {isa = PBXFileReference; explicitFileType = wrapper.application; includeInIndex = 0; path = Record.app; sourceTree = BUILT_PRODUCTS_DIR; };
		96AA94131B7FE4D400EA5BB2 /* Info.plist */ = {isa = PBXFileReference; lastKnownFileType = text.plist.xml; path = Info.plist; sourceTree = "<group>"; };
		96AA94141B7FE4D400EA5BB2 /* AppDelegate.swift */ = {isa = PBXFileReference; lastKnownFileType = sourcecode.swift; path = AppDelegate.swift; sourceTree = "<group>"; };
		96AA94161B7FE4D400EA5BB2 /* ViewController.swift */ = {isa = PBXFileReference; lastKnownFileType = sourcecode.swift; path = ViewController.swift; sourceTree = "<group>"; };
		96AA94191B7FE4D400EA5BB2 /* Base */ = {isa = PBXFileReference; lastKnownFileType = file.storyboard; name = Base; path = Base.lproj/Main.storyboard; sourceTree = "<group>"; };
		96AA941B1B7FE4D400EA5BB2 /* Images.xcassets */ = {isa = PBXFileReference; lastKnownFileType = folder.assetcatalog; path = Images.xcassets; sourceTree = "<group>"; };
		96AA941E1B7FE4D400EA5BB2 /* Base */ = {isa = PBXFileReference; lastKnownFileType = file.xib; name = Base; path = Base.lproj/LaunchScreen.xib; sourceTree = "<group>"; };
		96AA94241B7FE4D400EA5BB2 /* RecordTests.xctest */ = {isa = PBXFileReference; explicitFileType = wrapper.cfbundle; includeInIndex = 0; path = RecordTests.xctest; sourceTree = BUILT_PRODUCTS_DIR; };
		96AA94291B7FE4D400EA5BB2 /* Info.plist */ = {isa = PBXFileReference; lastKnownFileType = text.plist.xml; path = Info.plist; sourceTree = "<group>"; };
		96AA942A1B7FE4D400EA5BB2 /* RecordTests.swift */ = {isa = PBXFileReference; lastKnownFileType = sourcecode.swift; path = RecordTests.swift; sourceTree = "<group>"; };
/* End PBXFileReference section */

/* Begin PBXFrameworksBuildPhase section */
		96AA940C1B7FE4D400EA5BB2 /* Frameworks */ = {
			isa = PBXFrameworksBuildPhase;
			buildActionMask = 2147483647;
			files = (
			);
			runOnlyForDeploymentPostprocessing = 0;
		};
		96AA94211B7FE4D400EA5BB2 /* Frameworks */ = {
			isa = PBXFrameworksBuildPhase;
			buildActionMask = 2147483647;
			files = (
			);
			runOnlyForDeploymentPostprocessing = 0;
		};
/* End PBXFrameworksBuildPhase section */

/* Begin PBXGroup section */
		96AA94061B7FE4D400EA5BB2 = {
			isa = PBXGroup;
			children = (
				96AA94111B7FE4D400EA5BB2 /* Record */,
				96AA94271B7FE4D400EA5BB2 /* RecordTests */,
				96AA94101B7FE4D400EA5BB2 /* Products */,
			);
			sourceTree = "<group>";
		};
		96AA94101B7FE4D400EA5BB2 /* Products */ = {
			isa = PBXGroup;
			children = (
				96AA940F1B7FE4D400EA5BB2 /* Record.app */,
				96AA94241B7FE4D400EA5BB2 /* RecordTests.xctest */,
			);
			name = Products;
			sourceTree = "<group>";
		};
		96AA94111B7FE4D400EA5BB2 /* Record */ = {
			isa = PBXGroup;
			children = (
				96AA94141B7FE4D400EA5BB2 /* AppDelegate.swift */,
				96AA94161B7FE4D400EA5BB2 /* ViewController.swift */,
				96AA94181B7FE4D400EA5BB2 /* Main.storyboard */,
				96AA941B1B7FE4D400EA5BB2 /* Images.xcassets */,
				96AA941D1B7FE4D400EA5BB2 /* LaunchScreen.xib */,
				96AA94121B7FE4D400EA5BB2 /* Supporting Files */,
			);
			path = Record;
			sourceTree = "<group>";
		};
		96AA94121B7FE4D400EA5BB2 /* Supporting Files */ = {
			isa = PBXGroup;
			children = (
				96AA94131B7FE4D400EA5BB2 /* Info.plist */,
			);
			name = "Supporting Files";
			sourceTree = "<group>";
		};
		96AA94271B7FE4D400EA5BB2 /* RecordTests */ = {
			isa = PBXGroup;
			children = (
				96AA942A1B7FE4D400EA5BB2 /* RecordTests.swift */,
				96AA94281B7FE4D400EA5BB2 /* Supporting Files */,
			);
			path = RecordTests;
			sourceTree = "<group>";
		};
		96AA94281B7FE4D400EA5BB2 /* Supporting Files */ = {
			isa = PBXGroup;
			children = (
				96AA94291B7FE4D400EA5BB2 /* Info.plist */,
			);
			name = "Supporting Files";
			sourceTree = "<group>";
		};
/* End PBXGroup section */

/* Begin PBXNativeTarget section */
		96AA940E1B7FE4D400EA5BB2 /* Record */ = {
			isa = PBXNativeTarget;
			buildConfigurationList = 96AA942E1B7FE4D500EA5BB2 /* Build configuration list for PBXNativeTarget "Record" */;
			buildPhases = (
				96AA940B1B7FE4D400EA5BB2 /* Sources */,
				96AA940C1B7FE4D400EA5BB2 /* Frameworks */,
				96AA940D1B7FE4D400EA5BB2 /* Resources */,
			);
			buildRules = (
			);
			dependencies = (
			);
			name = Record;
			productName = Record;
			productReference = 96AA940F1B7FE4D400EA5BB2 /* Record.app */;
			productType = "com.apple.product-type.application";
		};
		96AA94231B7FE4D400EA5BB2 /* RecordTests */ = {
			isa = PBXNativeTarget;
			buildConfigurationList = 96AA94311B7FE4D500EA5BB2 /* Build configuration list for PBXNativeTarget "RecordTests" */;
			buildPhases = (
				96AA94201B7FE4D400EA5BB2 /* Sources */,
				96AA94211B7FE4D400EA5BB2 /* Frameworks */,
				96AA94221B7FE4D400EA5BB2 /* Resources */,
			);
			buildRules = (
			);
			dependencies = (
				96AA94261B7FE4D400EA5BB2 /* PBXTargetDependency */,
			);
			name = RecordTests;
			productName = RecordTests;
			productReference = 96AA94241B7FE4D400EA5BB2 /* RecordTests.xctest */;
			productType = "com.apple.product-type.bundle.unit-test";
		};
/* End PBXNativeTarget section */

/* Begin PBXProject section */
		96AA94071B7FE4D400EA5BB2 /* Project object */ = {
			isa = PBXProject;
			attributes = {
				LastUpgradeCheck = 0640;
				ORGANIZATIONNAME = "Ian Tsai";
				TargetAttributes = {
					96AA940E1B7FE4D400EA5BB2 = {
						CreatedOnToolsVersion = 6.4;
					};
					96AA94231B7FE4D400EA5BB2 = {
						CreatedOnToolsVersion = 6.4;
						TestTargetID = 96AA940E1B7FE4D400EA5BB2;
					};
				};
			};
			buildConfigurationList = 96AA940A1B7FE4D400EA5BB2 /* Build configuration list for PBXProject "Record" */;
			compatibilityVersion = "Xcode 3.2";
			developmentRegion = English;
			hasScannedForEncodings = 0;
			knownRegions = (
				en,
				Base,
			);
			mainGroup = 96AA94061B7FE4D400EA5BB2;
			productRefGroup = 96AA94101B7FE4D400EA5BB2 /* Products */;
			projectDirPath = "";
			projectRoot = "";
			targets = (
				96AA940E1B7FE4D400EA5BB2 /* Record */,
				96AA94231B7FE4D400EA5BB2 /* RecordTests */,
			);
		};
/* End PBXProject section */

/* Begin PBXResourcesBuildPhase section */
		96AA940D1B7FE4D400EA5BB2 /* Resources */ = {
			isa = PBXResourcesBuildPhase;
			buildActionMask = 2147483647;
			files = (
				96AA941A1B7FE4D400EA5BB2 /* Main.storyboard in Resources */,
				96AA941F1B7FE4D400EA5BB2 /* LaunchScreen.xib in Resources */,
				96AA941C1B7FE4D400EA5BB2 /* Images.xcassets in Resources */,
			);
			runOnlyForDeploymentPostprocessing = 0;
		};
		96AA94221B7FE4D400EA5BB2 /* Resources */ = {
			isa = PBXResourcesBuildPhase;
			buildActionMask = 2147483647;
			files = (
			);
			runOnlyForDeploymentPostprocessing = 0;
		};
/* End PBXResourcesBuildPhase section */

/* Begin PBXSourcesBuildPhase section */
		96AA940B1B7FE4D400EA5BB2 /* Sources */ = {
			isa = PBXSourcesBuildPhase;
			buildActionMask = 2147483647;
			files = (
				96AA94171B7FE4D400EA5BB2 /* ViewController.swift in Sources */,
				96AA94151B7FE4D400EA5BB2 /* AppDelegate.swift in Sources */,
			);
			runOnlyForDeploymentPostprocessing = 0;
		};
		96AA94201B7FE4D400EA5BB2 /* Sources */ = {
			isa = PBXSourcesBuildPhase;
			buildActionMask = 2147483647;
			files = (
				96AA942B1B7FE4D500EA5BB2 /* RecordTests.swift in Sources */,
			);
			runOnlyForDeploymentPostprocessing = 0;
		};
/* End PBXSourcesBuildPhase section */

/* Begin PBXTargetDependency section */
		96AA94261B7FE4D400EA5BB2 /* PBXTargetDependency */ = {
			isa = PBXTargetDependency;
			target = 96AA940E1B7FE4D400EA5BB2 /* Record */;
			targetProxy = 96AA94251B7FE4D400EA5BB2 /* PBXContainerItemProxy */;
		};
/* End PBXTargetDependency section */

/* Begin PBXVariantGroup section */
		96AA94181B7FE4D400EA5BB2 /* Main.storyboard */ = {
			isa = PBXVariantGroup;
			children = (
				96AA94191B7FE4D400EA5BB2 /* Base */,
			);
			name = Main.storyboard;
			sourceTree = "<group>";
		};
		96AA941D1B7FE4D400EA5BB2 /* LaunchScreen.xib */ = {
			isa = PBXVariantGroup;
			children = (
				96AA941E1B7FE4D400EA5BB2 /* Base */,
			);
			name = LaunchScreen.xib;
			sourceTree = "<group>";
		};
/* End PBXVariantGroup section */

/* Begin XCBuildConfiguration section */
		96AA942C1B7FE4D500EA5BB2 /* Debug */ = {
			isa = XCBuildConfiguration;
			buildSettings = {
				ALWAYS_SEARCH_USER_PATHS = NO;
				CLANG_CXX_LANGUAGE_STANDARD = "gnu++0x";
				CLANG_CXX_LIBRARY = "libc++";
				CLANG_ENABLE_MODULES = YES;
				CLANG_ENABLE_OBJC_ARC = YES;
				CLANG_WARN_BOOL_CONVERSION = YES;
				CLANG_WARN_CONSTANT_CONVERSION = YES;
				CLANG_WARN_DIRECT_OBJC_ISA_USAGE = YES_ERROR;
				CLANG_WARN_EMPTY_BODY = YES;
				CLANG_WARN_ENUM_CONVERSION = YES;
				CLANG_WARN_INT_CONVERSION = YES;
				CLANG_WARN_OBJC_ROOT_CLASS = YES_ERROR;
				CLANG_WARN_UNREACHABLE_CODE = YES;
				CLANG_WARN__DUPLICATE_METHOD_MATCH = YES;
				"CODE_SIGN_IDENTITY[sdk=iphoneos*]" = "iPhone Developer";
				COPY_PHASE_STRIP = NO;
				DEBUG_INFORMATION_FORMAT = "dwarf-with-dsym";
				ENABLE_STRICT_OBJC_MSGSEND = YES;
				GCC_C_LANGUAGE_STANDARD = gnu99;
				GCC_DYNAMIC_NO_PIC = NO;
				GCC_NO_COMMON_BLOCKS = YES;
				GCC_OPTIMIZATION_LEVEL = 0;
				GCC_PREPROCESSOR_DEFINITIONS = (
					"DEBUG=1",
					"$(inherited)",
				);
				GCC_SYMBOLS_PRIVATE_EXTERN = NO;
				GCC_WARN_64_TO_32_BIT_CONVERSION = YES;
				GCC_WARN_ABOUT_RETURN_TYPE = YES_ERROR;
				GCC_WARN_UNDECLARED_SELECTOR = YES;
				GCC_WARN_UNINITIALIZED_AUTOS = YES_AGGRESSIVE;
				GCC_WARN_UNUSED_FUNCTION = YES;
				GCC_WARN_UNUSED_VARIABLE = YES;
				IPHONEOS_DEPLOYMENT_TARGET = 8.4;
				MTL_ENABLE_DEBUG_INFO = YES;
				ONLY_ACTIVE_ARCH = YES;
				SDKROOT = iphoneos;
				SWIFT_OPTIMIZATION_LEVEL = "-Onone";
			};
			name = Debug;
		};
		96AA942D1B7FE4D500EA5BB2 /* Release */ = {
			isa = XCBuildConfiguration;
			buildSettings = {
				ALWAYS_SEARCH_USER_PATHS = NO;
				CLANG_CXX_LANGUAGE_STANDARD = "gnu++0x";
				CLANG_CXX_LIBRARY = "libc++";
				CLANG_ENABLE_MODULES = YES;
				CLANG_ENABLE_OBJC_ARC = YES;
				CLANG_WARN_BOOL_CONVERSION = YES;
				CLANG_WARN_CONSTANT_CONVERSION = YES;
				CLANG_WARN_DIRECT_OBJC_ISA_USAGE = YES_ERROR;
				CLANG_WARN_EMPTY_BODY = YES;
				CLANG_WARN_ENUM_CONVERSION = YES;
				CLANG_WARN_INT_CONVERSION = YES;
				CLANG_WARN_OBJC_ROOT_CLASS = YES_ERROR;
				CLANG_WARN_UNREACHABLE_CODE = YES;
				CLANG_WARN__DUPLICATE_METHOD_MATCH = YES;
				"CODE_SIGN_IDENTITY[sdk=iphoneos*]" = "iPhone Developer";
				COPY_PHASE_STRIP = NO;
				DEBUG_INFORMATION_FORMAT = "dwarf-with-dsym";
				ENABLE_NS_ASSERTIONS = NO;
				ENABLE_STRICT_OBJC_MSGSEND = YES;
				GCC_C_LANGUAGE_STANDARD = gnu99;
				GCC_NO_COMMON_BLOCKS = YES;
				GCC_WARN_64_TO_32_BIT_CONVERSION = YES;
				GCC_WARN_ABOUT_RETURN_TYPE = YES_ERROR;
				GCC_WARN_UNDECLARED_SELECTOR = YES;
				GCC_WARN_UNINITIALIZED_AUTOS = YES_AGGRESSIVE;
				GCC_WARN_UNUSED_FUNCTION = YES;
				GCC_WARN_UNUSED_VARIABLE = YES;
				IPHONEOS_DEPLOYMENT_TARGET = 8.4;
				MTL_ENABLE_DEBUG_INFO = NO;
				SDKROOT = iphoneos;
				VALIDATE_PRODUCT = YES;
			};
			name = Release;
		};
		96AA942F1B7FE4D500EA5BB2 /* Debug */ = {
			isa = XCBuildConfiguration;
			buildSettings = {
				ASSETCATALOG_COMPILER_APPICON_NAME = AppIcon;
				INFOPLIST_FILE = Record/Info.plist;
				LD_RUNPATH_SEARCH_PATHS = "$(inherited) @executable_path/Frameworks";
				PRODUCT_NAME = "$(TARGET_NAME)";
			};
			name = Debug;
		};
		96AA94301B7FE4D500EA5BB2 /* Release */ = {
			isa = XCBuildConfiguration;
			buildSettings = {
				ASSETCATALOG_COMPILER_APPICON_NAME = AppIcon;
				INFOPLIST_FILE = Record/Info.plist;
				LD_RUNPATH_SEARCH_PATHS = "$(inherited) @executable_path/Frameworks";
				PRODUCT_NAME = "$(TARGET_NAME)";
			};
			name = Release;
		};
		96AA94321B7FE4D500EA5BB2 /* Debug */ = {
			isa = XCBuildConfiguration;
			buildSettings = {
				BUNDLE_LOADER = "$(TEST_HOST)";
				FRAMEWORK_SEARCH_PATHS = (
					"$(SDKROOT)/Developer/Library/Frameworks",
					"$(inherited)",
				);
				GCC_PREPROCESSOR_DEFINITIONS = (
					"DEBUG=1",
					"$(inherited)",
				);
				INFOPLIST_FILE = RecordTests/Info.plist;
				LD_RUNPATH_SEARCH_PATHS = "$(inherited) @executable_path/Frameworks @loader_path/Frameworks";
				PRODUCT_NAME = "$(TARGET_NAME)";
				TEST_HOST = "$(BUILT_PRODUCTS_DIR)/Record.app/Record";
			};
			name = Debug;
		};
		96AA94331B7FE4D500EA5BB2 /* Release */ = {
			isa = XCBuildConfiguration;
			buildSettings = {
				BUNDLE_LOADER = "$(TEST_HOST)";
				FRAMEWORK_SEARCH_PATHS = (
					"$(SDKROOT)/Developer/Library/Frameworks",
					"$(inherited)",
				);
				INFOPLIST_FILE = RecordTests/Info.plist;
				LD_RUNPATH_SEARCH_PATHS = "$(inherited) @executable_path/Frameworks @loader_path/Frameworks";
				PRODUCT_NAME = "$(TARGET_NAME)";
				TEST_HOST = "$(BUILT_PRODUCTS_DIR)/Record.app/Record";
			};
			name = Release;
		};
/* End XCBuildConfiguration section */

/* Begin XCConfigurationList section */
		96AA940A1B7FE4D400EA5BB2 /* Build configuration list for PBXProject "Record" */ = {
			isa = XCConfigurationList;
			buildConfigurations = (
				96AA942C1B7FE4D500EA5BB2 /* Debug */,
				96AA942D1B7FE4D500EA5BB2 /* Release */,
			);
			defaultConfigurationIsVisible = 0;
			defaultConfigurationName = Release;
		};
		96AA942E1B7FE4D500EA5BB2 /* Build configuration list for PBXNativeTarget "Record" */ = {
			isa = XCConfigurationList;
			buildConfigurations = (
				96AA942F1B7FE4D500EA5BB2 /* Debug */,
				96AA94301B7FE4D500EA5BB2 /* Release */,
			);
			defaultConfigurationIsVisible = 0;
		};
		96AA94311B7FE4D500EA5BB2 /* Build configuration list for PBXNativeTarget "RecordTests" */ = {
			isa = XCConfigurationList;
			buildConfigurations = (
				96AA94321B7FE4D500EA5BB2 /* Debug */,
				96AA94331B7FE4D500EA5BB2 /* Release */,
			);
			defaultConfigurationIsVisible = 0;
		};
/* End XCConfigurationList section */
	};
	rootObject = 96AA94071B7FE4D400EA5BB2 /* Project object */;
}
